
Microsoft Visual Studio Solution File, Format Version 12.00
# Visual Studio Version 16
VisualStudioVersion = 16.0.30114.105
MinimumVisualStudioVersion = 10.0.40219.1
Project("{FAE04EC0-301F-11D3-BF4B-00C04F79EFBC}") = "Arfware.ArfBlocks-cli", "Arfware.ArfBlocks-cli\Arfware.ArfBlocks-cli.csproj", "{05D8E396-D594-47E2-A87B-9A1CD9E5E8FD}"
EndProject
Project("{2150E333-8FDC-42A3-9474-1A3956D46DE8}") = "Example", "Example", "{43BBB892-7ED3-4A69-AA70-053EB3A9E285}"
EndProject
Project("{2150E333-8FDC-42A3-9474-1A3956D46DE8}") = "Backend", "Backend", "{D25D5B27-D0BE-4DED-A640-6F3EC8AE05B6}"
EndProject
Project("{FAE04EC0-301F-11D3-BF4B-00C04F79EFBC}") = "TodoApp.Domain", "Example\Backend-net6.0\TodoApp.Domain\TodoApp.Domain.csproj", "{93D599EB-36CC-41D0-A284-83F990F2936A}"
EndProject
Project("{FAE04EC0-301F-11D3-BF4B-00C04F79EFBC}") = "TodoApp.Infrastructure", "Example\Backend-net6.0\TodoApp.Infrastructure\TodoApp.Infrastructure.csproj", "{363066C2-E772-4A7E-874B-C1BFDB280397}"
EndProject
Project("{FAE04EC0-301F-11D3-BF4B-00C04F79EFBC}") = "TodoApp.Application", "Example\Backend-net6.0\TodoApp.Application\TodoApp.Application.csproj", "{D8309760-9BBC-4D2A-85A8-A8D768046213}"
EndProject
Project("{FAE04EC0-301F-11D3-BF4B-00C04F79EFBC}") = "TodoApp.Api", "Example\Backend-net6.0\TodoApp.Api\TodoApp.Api.csproj", "{BE022AC8-DFC6-44CD-B370-2BFB91283954}"
EndProject
Project("{2150E333-8FDC-42A3-9474-1A3956D46DE8}") = "Backend-net8.0", "Backend-net8.0", "{8064D5B1-8094-46FB-AEF1-3C90C395D629}"
EndProject
Project("{FAE04EC0-301F-11D3-BF4B-00C04F79EFBC}") = "TodoApp.Domain", "Example\Backend-net8.0\TodoApp.Domain\TodoApp.Domain.csproj", "{F4DFADDD-7FC5-46B5-ACF7-12533482F9F9}"
EndProject
Project("{FAE04EC0-301F-11D3-BF4B-00C04F79EFBC}") = "TodoApp.Infrastructure", "Example\Backend-net8.0\TodoApp.Infrastructure\TodoApp.Infrastructure.csproj", "{E537E888-F229-4637-B17E-25008CE1631D}"
EndProject
Project("{FAE04EC0-301F-11D3-BF4B-00C04F79EFBC}") = "TodoApp.Application", "Example\Backend-net8.0\TodoApp.Application\TodoApp.Application.csproj", "{A405C233-6A9E-44BB-8824-F67E04930DE6}"
EndProject
Project("{FAE04EC0-301F-11D3-BF4B-00C04F79EFBC}") = "TodoApp.Api", "Example\Backend-net8.0\TodoApp.Api\TodoApp.Api.csproj", "{B8CADC0E-AE5E-40C8-9E13-FDB11FF6BDEF}"
EndProject
Project("{2150E333-8FDC-42A3-9474-1A3956D46DE8}") = "Backend-net10.0", "Backend-net10.0", "{2DBABA68-CB99-9992-75FA-861AC09CED35}"
EndProject
Project("{FAE04EC0-301F-11D3-BF4B-00C04F79EFBC}") = "TodoApp.Domain", "Example\Backend-net10.0\TodoApp.Domain\TodoApp.Domain.csproj", "{EB425FF7-5DD5-4693-AFFA-8B05DE886EA4}"
EndProject
Project("{FAE04EC0-301F-11D3-BF4B-00C04F79EFBC}") = "TodoApp.Infrastructure", "Example\Backend-net10.0\TodoApp.Infrastructure\TodoApp.Infrastructure.csproj", "{14771673-C498-4FAF-90B4-3441A41510AB}"
EndProject
Project("{FAE04EC0-301F-11D3-BF4B-00C04F79EFBC}") = "TodoApp.Application", "Example\Backend-net10.0\TodoApp.Application\TodoApp.Application.csproj", "{E46BEF36-1200-49C5-A95E-83C279AB9B68}"
EndProject
Project("{FAE04EC0-301F-11D3-BF4B-00C04F79EFBC}") = "TodoApp.Api", "Example\Backend-net10.0\TodoApp.Api\TodoApp.Api.csproj", "{5C95F354-C99B-429E-8C92-F1B18A82EC3E}"
EndProject
Global
	GlobalSection(SolutionConfigurationPlatforms) = preSolution
		Debug|Any CPU = Debug|Any CPU
		Debug|x64 = Debug|x64
		Debug|x86 = Debug|x86
		Release|Any CPU = Release|Any CPU
		Release|x64 = Release|x64
		Release|x86 = Release|x86
	EndGlobalSection
	GlobalSection(ProjectConfigurationPlatforms) = postSolution
		{05D8E396-D594-47E2-A87B-9A1CD9E5E8FD}.Debug|Any CPU.ActiveCfg = Debug|Any CPU
		{05D8E396-D594-47E2-A87B-9A1CD9E5E8FD}.Debug|Any CPU.Build.0 = Debug|Any CPU
		{05D8E396-D594-47E2-A87B-9A1CD9E5E8FD}.Debug|x64.ActiveCfg = Debug|Any CPU
		{05D8E396-D594-47E2-A87B-9A1CD9E5E8FD}.Debug|x64.Build.0 = Debug|Any CPU
		{05D8E396-D594-47E2-A87B-9A1CD9E5E8FD}.Debug|x86.ActiveCfg = Debug|Any CPU
		{05D8E396-D594-47E2-A87B-9A1CD9E5E8FD}.Debug|x86.Build.0 = Debug|Any CPU
		{05D8E396-D594-47E2-A87B-9A1CD9E5E8FD}.Release|Any CPU.ActiveCfg = Release|Any CPU
		{05D8E396-D594-47E2-A87B-9A1CD9E5E8FD}.Release|Any CPU.Build.0 = Release|Any CPU
		{05D8E396-D594-47E2-A87B-9A1CD9E5E8FD}.Release|x64.ActiveCfg = Release|Any CPU
		{05D8E396-D594-47E2-A87B-9A1CD9E5E8FD}.Release|x64.Build.0 = Release|Any CPU
		{05D8E396-D594-47E2-A87B-9A1CD9E5E8FD}.Release|x86.ActiveCfg = Release|Any CPU
		{05D8E396-D594-47E2-A87B-9A1CD9E5E8FD}.Release|x86.Build.0 = Release|Any CPU
		{93D599EB-36CC-41D0-A284-83F990F2936A}.Debug|Any CPU.ActiveCfg = Debug|Any CPU
		{93D599EB-36CC-41D0-A284-83F990F2936A}.Debug|Any CPU.Build.0 = Debug|Any CPU
		{93D599EB-36CC-41D0-A284-83F990F2936A}.Debug|x64.ActiveCfg = Debug|Any CPU
		{93D599EB-36CC-41D0-A284-83F990F2936A}.Debug|x64.Build.0 = Debug|Any CPU
		{93D599EB-36CC-41D0-A284-83F990F2936A}.Debug|x86.ActiveCfg = Debug|Any CPU
		{93D599EB-36CC-41D0-A284-83F990F2936A}.Debug|x86.Build.0 = Debug|Any CPU
		{93D599EB-36CC-41D0-A284-83F990F2936A}.Release|Any CPU.ActiveCfg = Release|Any CPU
		{93D599EB-36CC-41D0-A284-83F990F2936A}.Release|Any CPU.Build.0 = Release|Any CPU
		{93D599EB-36CC-41D0-A284-83F990F2936A}.Release|x64.ActiveCfg = Release|Any CPU
		{93D599EB-36CC-41D0-A284-83F990F2936A}.Release|x64.Build.0 = Release|Any CPU
		{93D599EB-36CC-41D0-A284-83F990F2936A}.Release|x86.ActiveCfg = Release|Any CPU
		{93D599EB-36CC-41D0-A284-83F990F2936A}.Release|x86.Build.0 = Release|Any CPU
		{363066C2-E772-4A7E-874B-C1BFDB280397}.Debug|Any CPU.ActiveCfg = Debug|Any CPU
		{363066C2-E772-4A7E-874B-C1BFDB280397}.Debug|Any CPU.Build.0 = Debug|Any CPU
		{363066C2-E772-4A7E-874B-C1BFDB280397}.Debug|x64.ActiveCfg = Debug|Any CPU
		{363066C2-E772-4A7E-874B-C1BFDB280397}.Debug|x64.Build.0 = Debug|Any CPU
		{363066C2-E772-4A7E-874B-C1BFDB280397}.Debug|x86.ActiveCfg = Debug|Any CPU
		{363066C2-E772-4A7E-874B-C1BFDB280397}.Debug|x86.Build.0 = Debug|Any CPU
		{363066C2-E772-4A7E-874B-C1BFDB280397}.Release|Any CPU.ActiveCfg = Release|Any CPU
		{363066C2-E772-4A7E-874B-C1BFDB280397}.Release|Any CPU.Build.0 = Release|Any CPU
		{363066C2-E772-4A7E-874B-C1BFDB280397}.Release|x64.ActiveCfg = Release|Any CPU
		{363066C2-E772-4A7E-874B-C1BFDB280397}.Release|x64.Build.0 = Release|Any CPU
		{363066C2-E772-4A7E-874B-C1BFDB280397}.Release|x86.ActiveCfg = Release|Any CPU
		{363066C2-E772-4A7E-874B-C1BFDB280397}.Release|x86.Build.0 = Release|Any CPU
		{D8309760-9BBC-4D2A-85A8-A8D768046213}.Debug|Any CPU.ActiveCfg = Debug|Any CPU
		{D8309760-9BBC-4D2A-85A8-A8D768046213}.Debug|Any CPU.Build.0 = Debug|Any CPU
		{D8309760-9BBC-4D2A-85A8-A8D768046213}.Debug|x64.ActiveCfg = Debug|Any CPU
		{D8309760-9BBC-4D2A-85A8-A8D768046213}.Debug|x64.Build.0 = Debug|Any CPU
		{D8309760-9BBC-4D2A-85A8-A8D768046213}.Debug|x86.ActiveCfg = Debug|Any CPU
		{D8309760-9BBC-4D2A-85A8-A8D768046213}.Debug|x86.Build.0 = Debug|Any CPU
		{D8309760-9BBC-4D2A-85A8-A8D768046213}.Release|Any CPU.ActiveCfg = Release|Any CPU
		{D8309760-9BBC-4D2A-85A8-A8D768046213}.Release|Any CPU.Build.0 = Release|Any CPU
		{D8309760-9BBC-4D2A-85A8-A8D768046213}.Release|x64.ActiveCfg = Release|Any CPU
		{D8309760-9BBC-4D2A-85A8-A8D768046213}.Release|x64.Build.0 = Release|Any CPU
		{D8309760-9BBC-4D2A-85A8-A8D768046213}.Release|x86.ActiveCfg = Release|Any CPU
		{D8309760-9BBC-4D2A-85A8-A8D768046213}.Release|x86.Build.0 = Release|Any CPU
		{BE022AC8-DFC6-44CD-B370-2BFB91283954}.Debug|Any CPU.ActiveCfg = Debug|Any CPU
		{BE022AC8-DFC6-44CD-B370-2BFB91283954}.Debug|Any CPU.Build.0 = Debug|Any CPU
		{BE022AC8-DFC6-44CD-B370-2BFB91283954}.Debug|x64.ActiveCfg = Debug|Any CPU
		{BE022AC8-DFC6-44CD-B370-2BFB91283954}.Debug|x64.Build.0 = Debug|Any CPU
		{BE022AC8-DFC6-44CD-B370-2BFB91283954}.Debug|x86.ActiveCfg = Debug|Any CPU
		{BE022AC8-DFC6-44CD-B370-2BFB91283954}.Debug|x86.Build.0 = Debug|Any CPU
		{BE022AC8-DFC6-44CD-B370-2BFB91283954}.Release|Any CPU.ActiveCfg = Release|Any CPU
		{BE022AC8-DFC6-44CD-B370-2BFB91283954}.Release|Any CPU.Build.0 = Release|Any CPU
		{BE022AC8-DFC6-44CD-B370-2BFB91283954}.Release|x64.ActiveCfg = Release|Any CPU
		{BE022AC8-DFC6-44CD-B370-2BFB91283954}.Release|x64.Build.0 = Release|Any CPU
		{BE022AC8-DFC6-44CD-B370-2BFB91283954}.Release|x86.ActiveCfg = Release|Any CPU
		{BE022AC8-DFC6-44CD-B370-2BFB91283954}.Release|x86.Build.0 = Release|Any CPU
		{F4DFADDD-7FC5-46B5-ACF7-12533482F9F9}.Debug|Any CPU.ActiveCfg = Debug|Any CPU
		{F4DFADDD-7FC5-46B5-ACF7-12533482F9F9}.Debug|Any CPU.Build.0 = Debug|Any CPU
		{F4DFADDD-7FC5-46B5-ACF7-12533482F9F9}.Debug|x64.ActiveCfg = Debug|Any CPU
		{F4DFADDD-7FC5-46B5-ACF7-12533482F9F9}.Debug|x64.Build.0 = Debug|Any CPU
		{F4DFADDD-7FC5-46B5-ACF7-12533482F9F9}.Debug|x86.ActiveCfg = Debug|Any CPU
		{F4DFADDD-7FC5-46B5-ACF7-12533482F9F9}.Debug|x86.Build.0 = Debug|Any CPU
		{F4DFADDD-7FC5-46B5-ACF7-12533482F9F9}.Release|Any CPU.ActiveCfg = Release|Any CPU
		{F4DFADDD-7FC5-46B5-ACF7-12533482F9F9}.Release|Any CPU.Build.0 = Release|Any CPU
		{F4DFADDD-7FC5-46B5-ACF7-12533482F9F9}.Release|x64.ActiveCfg = Release|Any CPU
		{F4DFADDD-7FC5-46B5-ACF7-12533482F9F9}.Release|x64.Build.0 = Release|Any CPU
		{F4DFADDD-7FC5-46B5-ACF7-12533482F9F9}.Release|x86.ActiveCfg = Release|Any CPU
		{F4DFADDD-7FC5-46B5-ACF7-12533482F9F9}.Release|x86.Build.0 = Release|Any CPU
		{E537E888-F229-4637-B17E-25008CE1631D}.Debug|Any CPU.ActiveCfg = Debug|Any CPU
		{E537E888-F229-4637-B17E-25008CE1631D}.Debug|Any CPU.Build.0 = Debug|Any CPU
		{E537E888-F229-4637-B17E-25008CE1631D}.Debug|x64.ActiveCfg = Debug|Any CPU
		{E537E888-F229-4637-B17E-25008CE1631D}.Debug|x64.Build.0 = Debug|Any CPU
		{E537E888-F229-4637-B17E-25008CE1631D}.Debug|x86.ActiveCfg = Debug|Any CPU
		{E537E888-F229-4637-B17E-25008CE1631D}.Debug|x86.Build.0 = Debug|Any CPU
		{E537E888-F229-4637-B17E-25008CE1631D}.Release|Any CPU.ActiveCfg = Release|Any CPU
		{E537E888-F229-4637-B17E-25008CE1631D}.Release|Any CPU.Build.0 = Release|Any CPU
		{E537E888-F229-4637-B17E-25008CE1631D}.Release|x64.ActiveCfg = Release|Any CPU
		{E537E888-F229-4637-B17E-25008CE1631D}.Release|x64.Build.0 = Release|Any CPU
		{E537E888-F229-4637-B17E-25008CE1631D}.Release|x86.ActiveCfg = Release|Any CPU
		{E537E888-F229-4637-B17E-25008CE1631D}.Release|x86.Build.0 = Release|Any CPU
		{A405C233-6A9E-44BB-8824-F67E04930DE6}.Debug|Any CPU.ActiveCfg = Debug|Any CPU
		{A405C233-6A9E-44BB-8824-F67E04930DE6}.Debug|Any CPU.Build.0 = Debug|Any CPU
		{A405C233-6A9E-44BB-8824-F67E04930DE6}.Debug|x64.ActiveCfg = Debug|Any CPU
		{A405C233-6A9E-44BB-8824-F67E04930DE6}.Debug|x64.Build.0 = Debug|Any CPU
		{A405C233-6A9E-44BB-8824-F67E04930DE6}.Debug|x86.ActiveCfg = Debug|Any CPU
		{A405C233-6A9E-44BB-8824-F67E04930DE6}.Debug|x86.Build.0 = Debug|Any CPU
		{A405C233-6A9E-44BB-8824-F67E04930DE6}.Release|Any CPU.ActiveCfg = Release|Any CPU
		{A405C233-6A9E-44BB-8824-F67E04930DE6}.Release|Any CPU.Build.0 = Release|Any CPU
		{A405C233-6A9E-44BB-8824-F67E04930DE6}.Release|x64.ActiveCfg = Release|Any CPU
		{A405C233-6A9E-44BB-8824-F67E04930DE6}.Release|x64.Build.0 = Release|Any CPU
		{A405C233-6A9E-44BB-8824-F67E04930DE6}.Release|x86.ActiveCfg = Release|Any CPU
		{A405C233-6A9E-44BB-8824-F67E04930DE6}.Release|x86.Build.0 = Release|Any CPU
		{B8CADC0E-AE5E-40C8-9E13-FDB11FF6BDEF}.Debug|Any CPU.ActiveCfg = Debug|Any CPU
		{B8CADC0E-AE5E-40C8-9E13-FDB11FF6BDEF}.Debug|Any CPU.Build.0 = Debug|Any CPU
		{B8CADC0E-AE5E-40C8-9E13-FDB11FF6BDEF}.Debug|x64.ActiveCfg = Debug|Any CPU
		{B8CADC0E-AE5E-40C8-9E13-FDB11FF6BDEF}.Debug|x64.Build.0 = Debug|Any CPU
		{B8CADC0E-AE5E-40C8-9E13-FDB11FF6BDEF}.Debug|x86.ActiveCfg = Debug|Any CPU
		{B8CADC0E-AE5E-40C8-9E13-FDB11FF6BDEF}.Debug|x86.Build.0 = Debug|Any CPU
		{B8CADC0E-AE5E-40C8-9E13-FDB11FF6BDEF}.Release|Any CPU.ActiveCfg = Release|Any CPU
		{B8CADC0E-AE5E-40C8-9E13-FDB11FF6BDEF}.Release|Any CPU.Build.0 = Release|Any CPU
		{B8CADC0E-AE5E-40C8-9E13-FDB11FF6BDEF}.Release|x64.ActiveCfg = Release|Any CPU
		{B8CADC0E-AE5E-40C8-9E13-FDB11FF6BDEF}.Release|x64.Build.0 = Release|Any CPU
		{B8CADC0E-AE5E-40C8-9E13-FDB11FF6BDEF}.Release|x86.ActiveCfg = Release|Any CPU
		{B8CADC0E-AE5E-40C8-9E13-FDB11FF6BDEF}.Release|x86.Build.0 = Release|Any CPU
		{EB425FF7-5DD5-4693-AFFA-8B05DE886EA4}.Debug|Any CPU.ActiveCfg = Debug|Any CPU
		{EB425FF7-5DD5-4693-AFFA-8B05DE886EA4}.Debug|Any CPU.Build.0 = Debug|Any CPU
		{EB425FF7-5DD5-4693-AFFA-8B05DE886EA4}.Debug|x64.ActiveCfg = Debug|Any CPU
		{EB425FF7-5DD5-4693-AFFA-8B05DE886EA4}.Debug|x64.Build.0 = Debug|Any CPU
		{EB425FF7-5DD5-4693-AFFA-8B05DE886EA4}.Debug|x86.ActiveCfg = Debug|Any CPU
		{EB425FF7-5DD5-4693-AFFA-8B05DE886EA4}.Debug|x86.Build.0 = Debug|Any CPU
		{EB425FF7-5DD5-4693-AFFA-8B05DE886EA4}.Release|Any CPU.ActiveCfg = Release|Any CPU
		{EB425FF7-5DD5-4693-AFFA-8B05DE886EA4}.Release|Any CPU.Build.0 = Release|Any CPU
		{EB425FF7-5DD5-4693-AFFA-8B05DE886EA4}.Release|x64.ActiveCfg = Release|Any CPU
		{EB425FF7-5DD5-4693-AFFA-8B05DE886EA4}.Release|x64.Build.0 = Release|Any CPU
		{EB425FF7-5DD5-4693-AFFA-8B05DE886EA4}.Release|x86.ActiveCfg = Release|Any CPU
		{EB425FF7-5DD5-4693-AFFA-8B05DE886EA4}.Release|x86.Build.0 = Release|Any CPU
		{14771673-C498-4FAF-90B4-3441A41510AB}.Debug|Any CPU.ActiveCfg = Debug|Any CPU
		{14771673-C498-4FAF-90B4-3441A41510AB}.Debug|Any CPU.Build.0 = Debug|Any CPU
		{14771673-C498-4FAF-90B4-3441A41510AB}.Debug|x64.ActiveCfg = Debug|Any CPU
		{14771673-C498-4FAF-90B4-3441A41510AB}.Debug|x64.Build.0 = Debug|Any CPU
		{14771673-C498-4FAF-90B4-3441A41510AB}.Debug|x86.ActiveCfg = Debug|Any CPU
		{14771673-C498-4FAF-90B4-3441A41510AB}.Debug|x86.Build.0 = Debug|Any CPU
		{14771673-C498-4FAF-90B4-3441A41510AB}.Release|Any CPU.ActiveCfg = Release|Any CPU
		{14771673-C498-4FAF-90B4-3441A41510AB}.Release|Any CPU.Build.0 = Release|Any CPU
		{14771673-C498-4FAF-90B4-3441A41510AB}.Release|x64.ActiveCfg = Release|Any CPU
		{14771673-C498-4FAF-90B4-3441A41510AB}.Release|x64.Build.0 = Release|Any CPU
		{14771673-C498-4FAF-90B4-3441A41510AB}.Release|x86.ActiveCfg = Release|Any CPU
		{14771673-C498-4FAF-90B4-3441A41510AB}.Release|x86.Build.0 = Release|Any CPU
		{E46BEF36-1200-49C5-A95E-83C279AB9B68}.Debug|Any CPU.ActiveCfg = Debug|Any CPU
		{E46BEF36-1200-49C5-A95E-83C279AB9B68}.Debug|Any CPU.Build.0 = Debug|Any CPU
		{E46BEF36-1200-49C5-A95E-83C279AB9B68}.Debug|x64.ActiveCfg = Debug|Any CPU
		{E46BEF36-1200-49C5-A95E-83C279AB9B68}.Debug|x64.Build.0 = Debug|Any CPU
		{E46BEF36-1200-49C5-A95E-83C279AB9B68}.Debug|x86.ActiveCfg = Debug|Any CPU
		{E46BEF36-1200-49C5-A95E-83C279AB9B68}.Debug|x86.Build.0 = Debug|Any CPU
		{E46BEF36-1200-49C5-A95E-83C279AB9B68}.Release|Any CPU.ActiveCfg = Release|Any CPU
		{E46BEF36-1200-49C5-A95E-83C279AB9B68}.Release|Any CPU.Build.0 = Release|Any CPU
		{E46BEF36-1200-49C5-A95E-83C279AB9B68}.Release|x64.ActiveCfg = Release|Any CPU
		{E46BEF36-1200-49C5-A95E-83C279AB9B68}.Release|x64.Build.0 = Release|Any CPU
		{E46BEF36-1200-49C5-A95E-83C279AB9B68}.Release|x86.ActiveCfg = Release|Any CPU
		{E46BEF36-1200-49C5-A95E-83C279AB9B68}.Release|x86.Build.0 = Release|Any CPU
		{5C95F354-C99B-429E-8C92-F1B18A82EC3E}.Debug|Any CPU.ActiveCfg = Debug|Any CPU
		{5C95F354-C99B-429E-8C92-F1B18A82EC3E}.Debug|Any CPU.Build.0 = Debug|Any CPU
		{5C95F354-C99B-429E-8C92-F1B18A82EC3E}.Debug|x64.ActiveCfg = Debug|Any CPU
		{5C95F354-C99B-429E-8C92-F1B18A82EC3E}.Debug|x64.Build.0 = Debug|Any CPU
		{5C95F354-C99B-429E-8C92-F1B18A82EC3E}.Debug|x86.ActiveCfg = Debug|Any CPU
		{5C95F354-C99B-429E-8C92-F1B18A82EC3E}.Debug|x86.Build.0 = Debug|Any CPU
		{5C95F354-C99B-429E-8C92-F1B18A82EC3E}.Release|Any CPU.ActiveCfg = Release|Any CPU
		{5C95F354-C99B-429E-8C92-F1B18A82EC3E}.Release|Any CPU.Build.0 = Release|Any CPU
		{5C95F354-C99B-429E-8C92-F1B18A82EC3E}.Release|x64.ActiveCfg = Release|Any CPU
		{5C95F354-C99B-429E-8C92-F1B18A82EC3E}.Release|x64.Build.0 = Release|Any CPU
		{5C95F354-C99B-429E-8C92-F1B18A82EC3E}.Release|x86.ActiveCfg = Release|Any CPU
		{5C95F354-C99B-429E-8C92-F1B18A82EC3E}.Release|x86.Build.0 = Release|Any CPU
	EndGlobalSection
	GlobalSection(SolutionProperties) = preSolution
		HideSolutionNode = FALSE
	EndGlobalSection
	GlobalSection(NestedProjects) = preSolution
		{D25D5B27-D0BE-4DED-A640-6F3EC8AE05B6} = {43BBB892-7ED3-4A69-AA70-053EB3A9E285}
		{93D599EB-36CC-41D0-A284-83F990F2936A} = {D25D5B27-D0BE-4DED-A640-6F3EC8AE05B6}
		{363066C2-E772-4A7E-874B-C1BFDB280397} = {D25D5B27-D0BE-4DED-A640-6F3EC8AE05B6}
		{D8309760-9BBC-4D2A-85A8-A8D768046213} = {D25D5B27-D0BE-4DED-A640-6F3EC8AE05B6}
		{BE022AC8-DFC6-44CD-B370-2BFB91283954} = {D25D5B27-D0BE-4DED-A640-6F3EC8AE05B6}
		{8064D5B1-8094-46FB-AEF1-3C90C395D629} = {43BBB892-7ED3-4A69-AA70-053EB3A9E285}
		{F4DFADDD-7FC5-46B5-ACF7-12533482F9F9} = {8064D5B1-8094-46FB-AEF1-3C90C395D629}
		{E537E888-F229-4637-B17E-25008CE1631D} = {8064D5B1-8094-46FB-AEF1-3C90C395D629}
		{A405C233-6A9E-44BB-8824-F67E04930DE6} = {8064D5B1-8094-46FB-AEF1-3C90C395D629}
		{B8CADC0E-AE5E-40C8-9E13-FDB11FF6BDEF} = {8064D5B1-8094-46FB-AEF1-3C90C395D629}
		{2DBABA68-CB99-9992-75FA-861AC09CED35} = {43BBB892-7ED3-4A69-AA70-053EB3A9E285}
		{EB425FF7-5DD5-4693-AFFA-8B05DE886EA4} = {2DBABA68-CB99-9992-75FA-861AC09CED35}
		{14771673-C498-4FAF-90B4-3441A41510AB} = {2DBABA68-CB99-9992-75FA-861AC09CED35}
		{E46BEF36-1200-49C5-A95E-83C279AB9B68} = {2DBABA68-CB99-9992-75FA-861AC09CED35}
		{5C95F354-C99B-429E-8C92-F1B18A82EC3E} = {2DBABA68-CB99-9992-75FA-861AC09CED35}
	EndGlobalSection
EndGlobal
